
Microsoft Visual Studio Solution File, Format Version 12.00
# Visual Studio 2013
VisualStudioVersion = 12.0.30723.0
MinimumVisualStudioVersion = 10.0.40219.1
Project("{FAE04EC0-301F-11D3-BF4B-00C04F79EFBC}") = "InstagramWrapper", "InstagramWrapper\InstagramWrapper.csproj", "{79003172-9BF4-4433-99FD-2E034233DF1F}"
EndProject
Project("{FAE04EC0-301F-11D3-BF4B-00C04F79EFBC}") = "InstagramWrapper.Web.Test", "InstagramWrapper.Web.Test\InstagramWrapper.Web.Test.csproj", "{D4B1E906-C121-4454-8573-159914341F44}"
EndProject
Global
	GlobalSection(SolutionConfigurationPlatforms) = preSolution
		Debug|Any CPU = Debug|Any CPU
		Release|Any CPU = Release|Any CPU
	EndGlobalSection
	GlobalSection(ProjectConfigurationPlatforms) = postSolution
		{79003172-9BF4-4433-99FD-2E034233DF1F}.Debug|Any CPU.ActiveCfg = Debug|Any CPU
		{79003172-9BF4-4433-99FD-2E034233DF1F}.Debug|Any CPU.Build.0 = Debug|Any CPU
		{79003172-9BF4-4433-99FD-2E034233DF1F}.Release|Any CPU.ActiveCfg = Release|Any CPU
		{79003172-9BF4-4433-99FD-2E034233DF1F}.Release|Any CPU.Build.0 = Release|Any CPU
		{D4B1E906-C121-4454-8573-159914341F44}.Debug|Any CPU.ActiveCfg = Debug|Any CPU
		{D4B1E906-C121-4454-8573-159914341F44}.Debug|Any CPU.Build.0 = Debug|Any CPU
		{D4B1E906-C121-4454-8573-159914341F44}.Release|Any CPU.ActiveCfg = Release|Any CPU
		{D4B1E906-C121-4454-8573-159914341F44}.Release|Any CPU.Build.0 = Release|Any CPU
	EndGlobalSection
	GlobalSection(SolutionProperties) = preSolution
		HideSolutionNode = FALSE
	EndGlobalSection
EndGlobal
